
Microsoft Visual Studio Solution File, Format Version 12.00
# Visual Studio 15
VisualStudioVersion = 15.0.27130.2026
MinimumVisualStudioVersion = 10.0.40219.1
Project("{FAE04EC0-301F-11D3-BF4B-00C04F79EFBC}") = "EntityHttpClient", "EntityHttpClient\EntityHttpClient.csproj", "{C5BFAB1C-8A1D-42A6-84C6-59343918B9D7}"
EndProject
Project("{FAE04EC0-301F-11D3-BF4B-00C04F79EFBC}") = "AnyEntityClient", "AnyEntityClient\AnyEntityClient.csproj", "{4DA7E6FB-C5A6-40D9-8842-805F0A40FED4}"
EndProject
Global
	GlobalSection(SolutionConfigurationPlatforms) = preSolution
		Debug|Any CPU = Debug|Any CPU
		Release|Any CPU = Release|Any CPU
	EndGlobalSection
	GlobalSection(ProjectConfigurationPlatforms) = postSolution
		{C5BFAB1C-8A1D-42A6-84C6-59343918B9D7}.Debug|Any CPU.ActiveCfg = Debug|Any CPU
		{C5BFAB1C-8A1D-42A6-84C6-59343918B9D7}.Debug|Any CPU.Build.0 = Debug|Any CPU
		{C5BFAB1C-8A1D-42A6-84C6-59343918B9D7}.Release|Any CPU.ActiveCfg = Release|Any CPU
		{C5BFAB1C-8A1D-42A6-84C6-59343918B9D7}.Release|Any CPU.Build.0 = Release|Any CPU
		{4DA7E6FB-C5A6-40D9-8842-805F0A40FED4}.Debug|Any CPU.ActiveCfg = Debug|Any CPU
		{4DA7E6FB-C5A6-40D9-8842-805F0A40FED4}.Debug|Any CPU.Build.0 = Debug|Any CPU
		{4DA7E6FB-C5A6-40D9-8842-805F0A40FED4}.Release|Any CPU.ActiveCfg = Release|Any CPU
		{4DA7E6FB-C5A6-40D9-8842-805F0A40FED4}.Release|Any CPU.Build.0 = Release|Any CPU
	EndGlobalSection
	GlobalSection(SolutionProperties) = preSolution
		HideSolutionNode = FALSE
	EndGlobalSection
	GlobalSection(ExtensibilityGlobals) = postSolution
		SolutionGuid = {40410F91-BA73-4A22-BE6C-D66E570C3D5B}
	EndGlobalSection
EndGlobal
